
Microsoft Visual Studio Solution File, Format Version 12.00
# Visual Studio Version 17
VisualStudioVersion = 17.7.34221.43
MinimumVisualStudioVersion = 10.0.40219.1
Project("{8BC9CEB8-8B4A-11D0-8D11-00A0C91BC942}") = "0178_intoOOP", "0178_intoOOP\0178_intoOOP.vcxproj", "{A11472B1-9DBA-469F-ABC8-CAC96972B890}"
EndProject
Project("{8BC9CEB8-8B4A-11D0-8D11-00A0C91BC942}") = "BangunDatar", "BangunDatar\BangunDatar.vcxproj", "{B5EFE454-FB64-4373-85CB-768CB637EACF}"
EndProject
Global
	GlobalSection(SolutionConfigurationPlatforms) = preSolution
		Debug|x64 = Debug|x64
		Debug|x86 = Debug|x86
		Release|x64 = Release|x64
		Release|x86 = Release|x86
	EndGlobalSection
	GlobalSection(ProjectConfigurationPlatforms) = postSolution
		{A11472B1-9DBA-469F-ABC8-CAC96972B890}.Debug|x64.ActiveCfg = Debug|x64
		{A11472B1-9DBA-469F-ABC8-CAC96972B890}.Debug|x64.Build.0 = Debug|x64
		{A11472B1-9DBA-469F-ABC8-CAC96972B890}.Debug|x86.ActiveCfg = Debug|Win32
		{A11472B1-9DBA-469F-ABC8-CAC96972B890}.Debug|x86.Build.0 = Debug|Win32
		{A11472B1-9DBA-469F-ABC8-CAC96972B890}.Release|x64.ActiveCfg = Release|x64
		{A11472B1-9DBA-469F-ABC8-CAC96972B890}.Release|x64.Build.0 = Release|x64
		{A11472B1-9DBA-469F-ABC8-CAC96972B890}.Release|x86.ActiveCfg = Release|Win32
		{A11472B1-9DBA-469F-ABC8-CAC96972B890}.Release|x86.Build.0 = Release|Win32
		{B5EFE454-FB64-4373-85CB-768CB637EACF}.Debug|x64.ActiveCfg = Debug|x64
		{B5EFE454-FB64-4373-85CB-768CB637EACF}.Debug|x64.Build.0 = Debug|x64
		{B5EFE454-FB64-4373-85CB-768CB637EACF}.Debug|x86.ActiveCfg = Debug|Win32
		{B5EFE454-FB64-4373-85CB-768CB637EACF}.Debug|x86.Build.0 = Debug|Win32
		{B5EFE454-FB64-4373-85CB-768CB637EACF}.Release|x64.ActiveCfg = Release|x64
		{B5EFE454-FB64-4373-85CB-768CB637EACF}.Release|x64.Build.0 = Release|x64
		{B5EFE454-FB64-4373-85CB-768CB637EACF}.Release|x86.ActiveCfg = Release|Win32
		{B5EFE454-FB64-4373-85CB-768CB637EACF}.Release|x86.Build.0 = Release|Win32
	EndGlobalSection
	GlobalSection(SolutionProperties) = preSolution
		HideSolutionNode = FALSE
	EndGlobalSection
	GlobalSection(ExtensibilityGlobals) = postSolution
		SolutionGuid = {BB4C8E30-795D-4716-A720-B90F459A363D}
	EndGlobalSection
EndGlobal
